
Microsoft Visual Studio Solution File, Format Version 12.00
# Visual Studio Version 17
VisualStudioVersion = 17.8.34330.188
MinimumVisualStudioVersion = 10.0.40219.1
Project("{9A19103F-16F7-4668-BE54-9A1E7A4F7556}") = "PrimerClase", "PrimerClase\PrimerClase.csproj", "{F09CC869-15CF-4595-9320-3C70AC53DC33}"
EndProject
Project("{9A19103F-16F7-4668-BE54-9A1E7A4F7556}") = "Clase7-23sep", "Clase7-23sep\Clase7-23sep.csproj", "{3BA17988-A262-46F2-AD50-AE90DCE4A13E}"
EndProject
Project("{9A19103F-16F7-4668-BE54-9A1E7A4F7556}") = "Clase6", "Clase6\Clase6.csproj", "{2A799C13-86DE-4166-86D0-4C8B7A9D9D4B}"
EndProject
Project("{9A19103F-16F7-4668-BE54-9A1E7A4F7556}") = "Clase5- 9sep", "Clase5- 9sep\Clase5- 9sep.csproj", "{8984FA84-E1DC-4C97-897A-907F74B4BBB1}"
EndProject
Project("{FAE04EC0-301F-11D3-BF4B-00C04F79EFBC}") = "Clase10-postparcial", "Clase10-postparcial\Clase10-postparcial.csproj", "{721A999B-DBAD-4E91-B947-E3A1CCBFB6C1}"
EndProject
Global
	GlobalSection(SolutionConfigurationPlatforms) = preSolution
		Debug|Any CPU = Debug|Any CPU
		Release|Any CPU = Release|Any CPU
	EndGlobalSection
	GlobalSection(ProjectConfigurationPlatforms) = postSolution
		{F09CC869-15CF-4595-9320-3C70AC53DC33}.Debug|Any CPU.ActiveCfg = Debug|Any CPU
		{F09CC869-15CF-4595-9320-3C70AC53DC33}.Debug|Any CPU.Build.0 = Debug|Any CPU
		{F09CC869-15CF-4595-9320-3C70AC53DC33}.Release|Any CPU.ActiveCfg = Release|Any CPU
		{F09CC869-15CF-4595-9320-3C70AC53DC33}.Release|Any CPU.Build.0 = Release|Any CPU
		{3BA17988-A262-46F2-AD50-AE90DCE4A13E}.Debug|Any CPU.ActiveCfg = Debug|Any CPU
		{3BA17988-A262-46F2-AD50-AE90DCE4A13E}.Debug|Any CPU.Build.0 = Debug|Any CPU
		{3BA17988-A262-46F2-AD50-AE90DCE4A13E}.Release|Any CPU.ActiveCfg = Release|Any CPU
		{3BA17988-A262-46F2-AD50-AE90DCE4A13E}.Release|Any CPU.Build.0 = Release|Any CPU
		{2A799C13-86DE-4166-86D0-4C8B7A9D9D4B}.Debug|Any CPU.ActiveCfg = Debug|Any CPU
		{2A799C13-86DE-4166-86D0-4C8B7A9D9D4B}.Debug|Any CPU.Build.0 = Debug|Any CPU
		{2A799C13-86DE-4166-86D0-4C8B7A9D9D4B}.Release|Any CPU.ActiveCfg = Release|Any CPU
		{2A799C13-86DE-4166-86D0-4C8B7A9D9D4B}.Release|Any CPU.Build.0 = Release|Any CPU
		{8984FA84-E1DC-4C97-897A-907F74B4BBB1}.Debug|Any CPU.ActiveCfg = Debug|Any CPU
		{8984FA84-E1DC-4C97-897A-907F74B4BBB1}.Debug|Any CPU.Build.0 = Debug|Any CPU
		{8984FA84-E1DC-4C97-897A-907F74B4BBB1}.Release|Any CPU.ActiveCfg = Release|Any CPU
		{8984FA84-E1DC-4C97-897A-907F74B4BBB1}.Release|Any CPU.Build.0 = Release|Any CPU
		{721A999B-DBAD-4E91-B947-E3A1CCBFB6C1}.Debug|Any CPU.ActiveCfg = Debug|Any CPU
		{721A999B-DBAD-4E91-B947-E3A1CCBFB6C1}.Debug|Any CPU.Build.0 = Debug|Any CPU
		{721A999B-DBAD-4E91-B947-E3A1CCBFB6C1}.Release|Any CPU.ActiveCfg = Release|Any CPU
		{721A999B-DBAD-4E91-B947-E3A1CCBFB6C1}.Release|Any CPU.Build.0 = Release|Any CPU
	EndGlobalSection
	GlobalSection(SolutionProperties) = preSolution
		HideSolutionNode = FALSE
	EndGlobalSection
	GlobalSection(ExtensibilityGlobals) = postSolution
		SolutionGuid = {F5EFCA9C-1120-4D4B-8DA8-F14A1F9688D6}
	EndGlobalSection
EndGlobal
