
Microsoft Visual Studio Solution File, Format Version 12.00
# Visual Studio Version 17
VisualStudioVersion = 17.10.35122.118
MinimumVisualStudioVersion = 10.0.40219.1
Project("{9A19103F-16F7-4668-BE54-9A1E7A4F7556}") = "Vazquez_Mauro", "Vazquez_Mauro.csproj", "{77EEAB4D-2C8C-473B-A662-0565CAD6140F}"
EndProject
Project("{FAE04EC0-301F-11D3-BF4B-00C04F79EFBC}") = "Clase723deseptiembre", "..\Clase723deseptiembre\Clase723deseptiembre.csproj", "{7A11F142-6B96-457A-A39B-D6E51818C6E9}"
EndProject
Global
	GlobalSection(SolutionConfigurationPlatforms) = preSolution
		Debug|Any CPU = Debug|Any CPU
		Release|Any CPU = Release|Any CPU
	EndGlobalSection
	GlobalSection(ProjectConfigurationPlatforms) = postSolution
		{77EEAB4D-2C8C-473B-A662-0565CAD6140F}.Debug|Any CPU.ActiveCfg = Debug|Any CPU
		{77EEAB4D-2C8C-473B-A662-0565CAD6140F}.Debug|Any CPU.Build.0 = Debug|Any CPU
		{77EEAB4D-2C8C-473B-A662-0565CAD6140F}.Release|Any CPU.ActiveCfg = Release|Any CPU
		{77EEAB4D-2C8C-473B-A662-0565CAD6140F}.Release|Any CPU.Build.0 = Release|Any CPU
		{7A11F142-6B96-457A-A39B-D6E51818C6E9}.Debug|Any CPU.ActiveCfg = Debug|Any CPU
		{7A11F142-6B96-457A-A39B-D6E51818C6E9}.Debug|Any CPU.Build.0 = Debug|Any CPU
		{7A11F142-6B96-457A-A39B-D6E51818C6E9}.Release|Any CPU.ActiveCfg = Release|Any CPU
		{7A11F142-6B96-457A-A39B-D6E51818C6E9}.Release|Any CPU.Build.0 = Release|Any CPU
	EndGlobalSection
	GlobalSection(SolutionProperties) = preSolution
		HideSolutionNode = FALSE
	EndGlobalSection
	GlobalSection(ExtensibilityGlobals) = postSolution
		SolutionGuid = {359E4FC5-C975-46D4-B86E-8F160F6E392C}
	EndGlobalSection
EndGlobal
